{
  "originHash" : "7e43cec9af09c07a9e19f4329ffe36854cd65dd7f8f6ca50d3dcc431f5e300a9",
  "pins" : [
    {
      "identity" : "latexswiftui",
      "kind" : "remoteSourceControl",
      "location" : "https://github.com/colinc86/LaTeXSwiftUI",
      "state" : {
        "branch" : "main",
        "revision" : "c45e0fd45f64923c49c5904a9f9626bc8939f05f"
      }
    },
    {
      "identity" : "mathjaxswift",
      "kind" : "remoteSourceControl",
      "location" : "https://github.com/colinc86/MathJaxSwift",
      "state" : {
        "revision" : "e23d6eab941da699ac4a60fb0e60f3ba5c937459",
        "version" : "3.4.0"
      }
    },
    {
      "identity" : "purchases-ios-spm",
      "kind" : "remoteSourceControl",
      "location" : "https://github.com/RevenueCat/purchases-ios-spm",
      "state" : {
        "revision" : "7abf1505551da3d8c33d4306a80c1e1cc450e47e",
        "version" : "5.37.0"
      }
    },
    {
      "identity" : "swift-html-entities",
      "kind" : "remoteSourceControl",
      "location" : "https://github.com/Kitura/swift-html-entities",
      "state" : {
        "revision" : "d8ca73197f59ce260c71bd6d7f6eb8bbdccf508b",
        "version" : "4.0.1"
      }
    },
    {
      "identity" : "swiftdraw",
      "kind" : "remoteSourceControl",
      "location" : "https://github.com/swhitty/SwiftDraw",
      "state" : {
        "revision" : "dbb4ef98824053ead8c83fa866c2c6054fb41809",
        "version" : "0.24.0"
      }
    }
  ],
  "version" : 3
}
