// !$*UTF8*$!
{
	archiveVersion = 1;
	classes = {
	};
	objectVersion = 77;
	objects = {

/* Begin PBXBuildFile section */
		5FCC64E475810868B59BD7C9 /* Pods_NanoBanana.framework in Frameworks */ = {isa = PBXBuildFile; fileRef = DA063FAA2CD76F0A7BF268CD /* Pods_NanoBanana.framework */; };
		8182F38C2E6892EC00090945 /* RevenueCat in Frameworks */ = {isa = PBXBuildFile; productRef = 8182F38B2E6892EC00090945 /* RevenueCat */; };
		8182F38E2E6892EC00090945 /* RevenueCatUI in Frameworks */ = {isa = PBXBuildFile; productRef = 8182F38D2E6892EC00090945 /* RevenueCatUI */; };
		8182F57A2E689EB300090945 /* LaTeXSwiftUI in Frameworks */ = {isa = PBXBuildFile; productRef = 8182F5792E689EB300090945 /* LaTeXSwiftUI */; };
		8182F76B2E68BC2700090945 /* StoreKit.framework in Frameworks */ = {isa = PBXBuildFile; fileRef = 8182F76A2E68BC2700090945 /* StoreKit.framework */; };
/* End PBXBuildFile section */

/* Begin PBXFileReference section */
		0EF9C544EF70F5D657BAF15D /* Pods-NanoBanana.release.xcconfig */ = {isa = PBXFileReference; includeInIndex = 1; lastKnownFileType = text.xcconfig; name = "Pods-NanoBanana.release.xcconfig"; path = "Target Support Files/Pods-NanoBanana/Pods-NanoBanana.release.xcconfig"; sourceTree = "<group>"; };
		81447AEA2E672B5B003557C9 /* NanoBanana.app */ = {isa = PBXFileReference; explicitFileType = wrapper.application; includeInIndex = 0; path = NanoBanana.app; sourceTree = BUILT_PRODUCTS_DIR; };
		8182F76A2E68BC2700090945 /* StoreKit.framework */ = {isa = PBXFileReference; lastKnownFileType = wrapper.framework; name = StoreKit.framework; path = System/Library/Frameworks/StoreKit.framework; sourceTree = SDKROOT; };
		DA063FAA2CD76F0A7BF268CD /* Pods_NanoBanana.framework */ = {isa = PBXFileReference; explicitFileType = wrapper.framework; includeInIndex = 0; path = Pods_NanoBanana.framework; sourceTree = BUILT_PRODUCTS_DIR; };
		F103BE3A9B60E67E3AAD049E /* Pods-NanoBanana.debug.xcconfig */ = {isa = PBXFileReference; includeInIndex = 1; lastKnownFileType = text.xcconfig; name = "Pods-NanoBanana.debug.xcconfig"; path = "Target Support Files/Pods-NanoBanana/Pods-NanoBanana.debug.xcconfig"; sourceTree = "<group>"; };
/* End PBXFileReference section */

/* Begin PBXFileSystemSynchronizedBuildFileExceptionSet section */
		5C9315122E6AE1D000EE4924 /* Exceptions for "NanoBanana" folder in "NanoBanana" target */ = {
			isa = PBXFileSystemSynchronizedBuildFileExceptionSet;
			membershipExceptions = (
				Info.plist,
			);
			target = 81447AE92E672B5B003557C9 /* NanoBanana */;
		};
/* End PBXFileSystemSynchronizedBuildFileExceptionSet section */

/* Begin PBXFileSystemSynchronizedRootGroup section */
		81447AEC2E672B5B003557C9 /* NanoBanana */ = {
			isa = PBXFileSystemSynchronizedRootGroup;
			exceptions = (
				5C9315122E6AE1D000EE4924 /* Exceptions for "NanoBanana" folder in "NanoBanana" target */,
			);
			path = NanoBanana;
			sourceTree = "<group>";
		};
/* End PBXFileSystemSynchronizedRootGroup section */

/* Begin PBXFrameworksBuildPhase section */
		81447AE72E672B5B003557C9 /* Frameworks */ = {
			isa = PBXFrameworksBuildPhase;
			buildActionMask = 2147483647;
			files = (
				8182F38E2E6892EC00090945 /* RevenueCatUI in Frameworks */,
				8182F38C2E6892EC00090945 /* RevenueCat in Frameworks */,
				8182F57A2E689EB300090945 /* LaTeXSwiftUI in Frameworks */,
				8182F76B2E68BC2700090945 /* StoreKit.framework in Frameworks */,
				5FCC64E475810868B59BD7C9 /* Pods_NanoBanana.framework in Frameworks */,
			);
			runOnlyForDeploymentPostprocessing = 0;
		};
/* End PBXFrameworksBuildPhase section */

/* Begin PBXGroup section */
		2D50477FE672304542D0C540 /* Pods */ = {
			isa = PBXGroup;
			children = (
				F103BE3A9B60E67E3AAD049E /* Pods-NanoBanana.debug.xcconfig */,
				0EF9C544EF70F5D657BAF15D /* Pods-NanoBanana.release.xcconfig */,
			);
			path = Pods;
			sourceTree = "<group>";
		};
		81447AE12E672B5B003557C9 = {
			isa = PBXGroup;
			children = (
				81447AEC2E672B5B003557C9 /* NanoBanana */,
				8182F7692E68BC2700090945 /* Frameworks */,
				81447AEB2E672B5B003557C9 /* Products */,
				2D50477FE672304542D0C540 /* Pods */,
			);
			sourceTree = "<group>";
		};
		81447AEB2E672B5B003557C9 /* Products */ = {
			isa = PBXGroup;
			children = (
				81447AEA2E672B5B003557C9 /* NanoBanana.app */,
			);
			name = Products;
			sourceTree = "<group>";
		};
		8182F7692E68BC2700090945 /* Frameworks */ = {
			isa = PBXGroup;
			children = (
				8182F76A2E68BC2700090945 /* StoreKit.framework */,
				DA063FAA2CD76F0A7BF268CD /* Pods_NanoBanana.framework */,
			);
			name = Frameworks;
			sourceTree = "<group>";
		};
/* End PBXGroup section */

/* Begin PBXNativeTarget section */
		81447AE92E672B5B003557C9 /* NanoBanana */ = {
			isa = PBXNativeTarget;
			buildConfigurationList = 81447AF52E672B5C003557C9 /* Build configuration list for PBXNativeTarget "NanoBanana" */;
			buildPhases = (
				CF77047FA43254AA43191309 /* [CP] Check Pods Manifest.lock */,
				81447AE62E672B5B003557C9 /* Sources */,
				81447AE72E672B5B003557C9 /* Frameworks */,
				81447AE82E672B5B003557C9 /* Resources */,
			);
			buildRules = (
			);
			dependencies = (
			);
			fileSystemSynchronizedGroups = (
				81447AEC2E672B5B003557C9 /* NanoBanana */,
			);
			name = NanoBanana;
			packageProductDependencies = (
				8182F38B2E6892EC00090945 /* RevenueCat */,
				8182F38D2E6892EC00090945 /* RevenueCatUI */,
				8182F5792E689EB300090945 /* LaTeXSwiftUI */,
			);
			productName = NanoBanana;
			productReference = 81447AEA2E672B5B003557C9 /* NanoBanana.app */;
			productType = "com.apple.product-type.application";
		};
/* End PBXNativeTarget section */

/* Begin PBXProject section */
		81447AE22E672B5B003557C9 /* Project object */ = {
			isa = PBXProject;
			attributes = {
				BuildIndependentTargetsInParallel = 1;
				LastSwiftUpdateCheck = 1640;
				LastUpgradeCheck = 1640;
				TargetAttributes = {
					81447AE92E672B5B003557C9 = {
						CreatedOnToolsVersion = 16.4;
					};
				};
			};
			buildConfigurationList = 81447AE52E672B5B003557C9 /* Build configuration list for PBXProject "NanoBanana" */;
			developmentRegion = en;
			hasScannedForEncodings = 0;
			knownRegions = (
				en,
				Base,
			);
			mainGroup = 81447AE12E672B5B003557C9;
			minimizedProjectReferenceProxies = 1;
			packageReferences = (
				8182F38A2E6892EC00090945 /* XCRemoteSwiftPackageReference "purchases-ios-spm" */,
				8182F5782E689EB300090945 /* XCRemoteSwiftPackageReference "LaTeXSwiftUI" */,
			);
			preferredProjectObjectVersion = 77;
			productRefGroup = 81447AEB2E672B5B003557C9 /* Products */;
			projectDirPath = "";
			projectRoot = "";
			targets = (
				81447AE92E672B5B003557C9 /* NanoBanana */,
			);
		};
/* End PBXProject section */

/* Begin PBXResourcesBuildPhase section */
		81447AE82E672B5B003557C9 /* Resources */ = {
			isa = PBXResourcesBuildPhase;
			buildActionMask = 2147483647;
			files = (
			);
			runOnlyForDeploymentPostprocessing = 0;
		};
/* End PBXResourcesBuildPhase section */

/* Begin PBXShellScriptBuildPhase section */
		CF77047FA43254AA43191309 /* [CP] Check Pods Manifest.lock */ = {
			isa = PBXShellScriptBuildPhase;
			buildActionMask = 2147483647;
			files = (
			);
			inputFileListPaths = (
			);
			inputPaths = (
				"${PODS_PODFILE_DIR_PATH}/Podfile.lock",
				"${PODS_ROOT}/Manifest.lock",
			);
			name = "[CP] Check Pods Manifest.lock";
			outputFileListPaths = (
			);
			outputPaths = (
				"$(DERIVED_FILE_DIR)/Pods-NanoBanana-checkManifestLockResult.txt",
			);
			runOnlyForDeploymentPostprocessing = 0;
			shellPath = /bin/sh;
			shellScript = "diff \"${PODS_PODFILE_DIR_PATH}/Podfile.lock\" \"${PODS_ROOT}/Manifest.lock\" > /dev/null\nif [ $? != 0 ] ; then\n    # print error to STDERR\n    echo \"error: The sandbox is not in sync with the Podfile.lock. Run 'pod install' or update your CocoaPods installation.\" >&2\n    exit 1\nfi\n# This output is used by Xcode 'outputs' to avoid re-running this script phase.\necho \"SUCCESS\" > \"${SCRIPT_OUTPUT_FILE_0}\"\n";
			showEnvVarsInLog = 0;
		};
/* End PBXShellScriptBuildPhase section */

/* Begin PBXSourcesBuildPhase section */
		81447AE62E672B5B003557C9 /* Sources */ = {
			isa = PBXSourcesBuildPhase;
			buildActionMask = 2147483647;
			files = (
			);
			runOnlyForDeploymentPostprocessing = 0;
		};
/* End PBXSourcesBuildPhase section */

/* Begin XCBuildConfiguration section */
		81447AF32E672B5C003557C9 /* Debug */ = {
			isa = XCBuildConfiguration;
			buildSettings = {
				ALWAYS_SEARCH_USER_PATHS = NO;
				ASSETCATALOG_COMPILER_GENERATE_SWIFT_ASSET_SYMBOL_EXTENSIONS = YES;
				CLANG_ANALYZER_NONNULL = YES;
				CLANG_ANALYZER_NUMBER_OBJECT_CONVERSION = YES_AGGRESSIVE;
				CLANG_CXX_LANGUAGE_STANDARD = "gnu++20";
				CLANG_ENABLE_MODULES = YES;
				CLANG_ENABLE_OBJC_ARC = YES;
				CLANG_ENABLE_OBJC_WEAK = YES;
				CLANG_WARN_BLOCK_CAPTURE_AUTORELEASING = YES;
				CLANG_WARN_BOOL_CONVERSION = YES;
				CLANG_WARN_COMMA = YES;
				CLANG_WARN_CONSTANT_CONVERSION = YES;
				CLANG_WARN_DEPRECATED_OBJC_IMPLEMENTATIONS = YES;
				CLANG_WARN_DIRECT_OBJC_ISA_USAGE = YES_ERROR;
				CLANG_WARN_DOCUMENTATION_COMMENTS = YES;
				CLANG_WARN_EMPTY_BODY = YES;
				CLANG_WARN_ENUM_CONVERSION = YES;
				CLANG_WARN_INFINITE_RECURSION = YES;
				CLANG_WARN_INT_CONVERSION = YES;
				CLANG_WARN_NON_LITERAL_NULL_CONVERSION = YES;
				CLANG_WARN_OBJC_IMPLICIT_RETAIN_SELF = YES;
				CLANG_WARN_OBJC_LITERAL_CONVERSION = YES;
				CLANG_WARN_OBJC_ROOT_CLASS = YES_ERROR;
				CLANG_WARN_QUOTED_INCLUDE_IN_FRAMEWORK_HEADER = YES;
				CLANG_WARN_RANGE_LOOP_ANALYSIS = YES;
				CLANG_WARN_STRICT_PROTOTYPES = YES;
				CLANG_WARN_SUSPICIOUS_MOVE = YES;
				CLANG_WARN_UNGUARDED_AVAILABILITY = YES_AGGRESSIVE;
				CLANG_WARN_UNREACHABLE_CODE = YES;
				CLANG_WARN__DUPLICATE_METHOD_MATCH = YES;
				COPY_PHASE_STRIP = NO;
				DEBUG_INFORMATION_FORMAT = dwarf;
				ENABLE_STRICT_OBJC_MSGSEND = YES;
				ENABLE_TESTABILITY = YES;
				ENABLE_USER_SCRIPT_SANDBOXING = YES;
				GCC_C_LANGUAGE_STANDARD = gnu17;
				GCC_DYNAMIC_NO_PIC = NO;
				GCC_NO_COMMON_BLOCKS = YES;
				GCC_OPTIMIZATION_LEVEL = 0;
				GCC_PREPROCESSOR_DEFINITIONS = (
					"DEBUG=1",
					"$(inherited)",
				);
				GCC_WARN_64_TO_32_BIT_CONVERSION = YES;
				GCC_WARN_ABOUT_RETURN_TYPE = YES_ERROR;
				GCC_WARN_UNDECLARED_SELECTOR = YES;
				GCC_WARN_UNINITIALIZED_AUTOS = YES_AGGRESSIVE;
				GCC_WARN_UNUSED_FUNCTION = YES;
				GCC_WARN_UNUSED_VARIABLE = YES;
				IPHONEOS_DEPLOYMENT_TARGET = 18.5;
				LOCALIZATION_PREFERS_STRING_CATALOGS = YES;
				MTL_ENABLE_DEBUG_INFO = INCLUDE_SOURCE;
				MTL_FAST_MATH = YES;
				ONLY_ACTIVE_ARCH = YES;
				SDKROOT = iphoneos;
				SWIFT_ACTIVE_COMPILATION_CONDITIONS = "DEBUG $(inherited)";
				SWIFT_OPTIMIZATION_LEVEL = "-Onone";
			};
			name = Debug;
		};
		81447AF42E672B5C003557C9 /* Release */ = {
			isa = XCBuildConfiguration;
			buildSettings = {
				ALWAYS_SEARCH_USER_PATHS = NO;
				ASSETCATALOG_COMPILER_GENERATE_SWIFT_ASSET_SYMBOL_EXTENSIONS = YES;
				CLANG_ANALYZER_NONNULL = YES;
				CLANG_ANALYZER_NUMBER_OBJECT_CONVERSION = YES_AGGRESSIVE;
				CLANG_CXX_LANGUAGE_STANDARD = "gnu++20";
				CLANG_ENABLE_MODULES = YES;
				CLANG_ENABLE_OBJC_ARC = YES;
				CLANG_ENABLE_OBJC_WEAK = YES;
				CLANG_WARN_BLOCK_CAPTURE_AUTORELEASING = YES;
				CLANG_WARN_BOOL_CONVERSION = YES;
				CLANG_WARN_COMMA = YES;
				CLANG_WARN_CONSTANT_CONVERSION = YES;
				CLANG_WARN_DEPRECATED_OBJC_IMPLEMENTATIONS = YES;
				CLANG_WARN_DIRECT_OBJC_ISA_USAGE = YES_ERROR;
				CLANG_WARN_DOCUMENTATION_COMMENTS = YES;
				CLANG_WARN_EMPTY_BODY = YES;
				CLANG_WARN_ENUM_CONVERSION = YES;
				CLANG_WARN_INFINITE_RECURSION = YES;
				CLANG_WARN_INT_CONVERSION = YES;
				CLANG_WARN_NON_LITERAL_NULL_CONVERSION = YES;
				CLANG_WARN_OBJC_IMPLICIT_RETAIN_SELF = YES;
				CLANG_WARN_OBJC_LITERAL_CONVERSION = YES;
				CLANG_WARN_OBJC_ROOT_CLASS = YES_ERROR;
				CLANG_WARN_QUOTED_INCLUDE_IN_FRAMEWORK_HEADER = YES;
				CLANG_WARN_RANGE_LOOP_ANALYSIS = YES;
				CLANG_WARN_STRICT_PROTOTYPES = YES;
				CLANG_WARN_SUSPICIOUS_MOVE = YES;
				CLANG_WARN_UNGUARDED_AVAILABILITY = YES_AGGRESSIVE;
				CLANG_WARN_UNREACHABLE_CODE = YES;
				CLANG_WARN__DUPLICATE_METHOD_MATCH = YES;
				COPY_PHASE_STRIP = NO;
				DEBUG_INFORMATION_FORMAT = "dwarf-with-dsym";
				ENABLE_NS_ASSERTIONS = NO;
				ENABLE_STRICT_OBJC_MSGSEND = YES;
				ENABLE_USER_SCRIPT_SANDBOXING = YES;
				GCC_C_LANGUAGE_STANDARD = gnu17;
				GCC_NO_COMMON_BLOCKS = YES;
				GCC_WARN_64_TO_32_BIT_CONVERSION = YES;
				GCC_WARN_ABOUT_RETURN_TYPE = YES_ERROR;
				GCC_WARN_UNDECLARED_SELECTOR = YES;
				GCC_WARN_UNINITIALIZED_AUTOS = YES_AGGRESSIVE;
				GCC_WARN_UNUSED_FUNCTION = YES;
				GCC_WARN_UNUSED_VARIABLE = YES;
				IPHONEOS_DEPLOYMENT_TARGET = 18.5;
				LOCALIZATION_PREFERS_STRING_CATALOGS = YES;
				MTL_ENABLE_DEBUG_INFO = NO;
				MTL_FAST_MATH = YES;
				SDKROOT = iphoneos;
				SWIFT_COMPILATION_MODE = wholemodule;
				VALIDATE_PRODUCT = YES;
			};
			name = Release;
		};
		81447AF62E672B5C003557C9 /* Debug */ = {
			isa = XCBuildConfiguration;
			baseConfigurationReference = F103BE3A9B60E67E3AAD049E /* Pods-NanoBanana.debug.xcconfig */;
			buildSettings = {
				ASSETCATALOG_COMPILER_APPICON_NAME = AppIcon;
				ASSETCATALOG_COMPILER_GLOBAL_ACCENT_COLOR_NAME = AccentColor;
				CODE_SIGN_STYLE = Automatic;
				CURRENT_PROJECT_VERSION = 1;
				ENABLE_PREVIEWS = YES;
				GENERATE_INFOPLIST_FILE = YES;
				INFOPLIST_FILE = NanoBanana/Info.plist;
				INFOPLIST_KEY_CFBundleDisplayName = "Nano AI";
				INFOPLIST_KEY_LSApplicationCategoryType = "public.app-category.photography";
				INFOPLIST_KEY_NSCameraUsageDescription = "We need to access your camera to capture photos that will be processed by our AI to generate creative content and artwork";
				INFOPLIST_KEY_NSPhotoLibraryUsageDescription = "We need to access your photo library to let you choose photos that will be processed by our AI to generate creative content and artwork";
				INFOPLIST_KEY_UIApplicationSceneManifest_Generation = YES;
				INFOPLIST_KEY_UIApplicationSupportsIndirectInputEvents = YES;
				INFOPLIST_KEY_UILaunchScreen_Generation = YES;
				INFOPLIST_KEY_UILaunchStoryboardName = "Launch Screen";
				INFOPLIST_KEY_UIRequiresFullScreen = YES;
				INFOPLIST_KEY_UISupportedInterfaceOrientations = "UIInterfaceOrientationPortrait UIInterfaceOrientationPortraitUpsideDown";
				IPHONEOS_DEPLOYMENT_TARGET = 16.0;
				LD_RUNPATH_SEARCH_PATHS = (
					"$(inherited)",
					"@executable_path/Frameworks",
				);
				MARKETING_VERSION = 1.0.0;
				PRODUCT_BUNDLE_IDENTIFIER = com.nano.ai.banana.app;
				PRODUCT_NAME = "$(TARGET_NAME)";
				SWIFT_EMIT_LOC_STRINGS = YES;
				SWIFT_VERSION = 5.0;
				TARGETED_DEVICE_FAMILY = "1,2";
			};
			name = Debug;
		};
		81447AF72E672B5C003557C9 /* Release */ = {
			isa = XCBuildConfiguration;
			baseConfigurationReference = 0EF9C544EF70F5D657BAF15D /* Pods-NanoBanana.release.xcconfig */;
			buildSettings = {
				ASSETCATALOG_COMPILER_APPICON_NAME = AppIcon;
				ASSETCATALOG_COMPILER_GLOBAL_ACCENT_COLOR_NAME = AccentColor;
				CODE_SIGN_STYLE = Automatic;
				CURRENT_PROJECT_VERSION = 1;
				ENABLE_PREVIEWS = YES;
				GENERATE_INFOPLIST_FILE = YES;
				INFOPLIST_FILE = NanoBanana/Info.plist;
				INFOPLIST_KEY_CFBundleDisplayName = "Nano AI";
				INFOPLIST_KEY_LSApplicationCategoryType = "public.app-category.photography";
				INFOPLIST_KEY_NSCameraUsageDescription = "We need to access your camera to capture photos that will be processed by our AI to generate creative content and artwork";
				INFOPLIST_KEY_NSPhotoLibraryUsageDescription = "We need to access your photo library to let you choose photos that will be processed by our AI to generate creative content and artwork";
				INFOPLIST_KEY_UIApplicationSceneManifest_Generation = YES;
				INFOPLIST_KEY_UIApplicationSupportsIndirectInputEvents = YES;
				INFOPLIST_KEY_UILaunchScreen_Generation = YES;
				INFOPLIST_KEY_UILaunchStoryboardName = "Launch Screen";
				INFOPLIST_KEY_UIRequiresFullScreen = YES;
				INFOPLIST_KEY_UISupportedInterfaceOrientations = "UIInterfaceOrientationPortrait UIInterfaceOrientationPortraitUpsideDown";
				IPHONEOS_DEPLOYMENT_TARGET = 16.0;
				LD_RUNPATH_SEARCH_PATHS = (
					"$(inherited)",
					"@executable_path/Frameworks",
				);
				MARKETING_VERSION = 1.0.0;
				PRODUCT_BUNDLE_IDENTIFIER = com.nano.ai.banana.app;
				PRODUCT_NAME = "$(TARGET_NAME)";
				SWIFT_EMIT_LOC_STRINGS = YES;
				SWIFT_VERSION = 5.0;
				TARGETED_DEVICE_FAMILY = "1,2";
			};
			name = Release;
		};
/* End XCBuildConfiguration section */

/* Begin XCConfigurationList section */
		81447AE52E672B5B003557C9 /* Build configuration list for PBXProject "NanoBanana" */ = {
			isa = XCConfigurationList;
			buildConfigurations = (
				81447AF32E672B5C003557C9 /* Debug */,
				81447AF42E672B5C003557C9 /* Release */,
			);
			defaultConfigurationIsVisible = 0;
			defaultConfigurationName = Release;
		};
		81447AF52E672B5C003557C9 /* Build configuration list for PBXNativeTarget "NanoBanana" */ = {
			isa = XCConfigurationList;
			buildConfigurations = (
				81447AF62E672B5C003557C9 /* Debug */,
				81447AF72E672B5C003557C9 /* Release */,
			);
			defaultConfigurationIsVisible = 0;
			defaultConfigurationName = Release;
		};
/* End XCConfigurationList section */

/* Begin XCRemoteSwiftPackageReference section */
		8182F38A2E6892EC00090945 /* XCRemoteSwiftPackageReference "purchases-ios-spm" */ = {
			isa = XCRemoteSwiftPackageReference;
			repositoryURL = "https://github.com/RevenueCat/purchases-ios-spm";
			requirement = {
				kind = upToNextMajorVersion;
				minimumVersion = 5.36.0;
			};
		};
		8182F5782E689EB300090945 /* XCRemoteSwiftPackageReference "LaTeXSwiftUI" */ = {
			isa = XCRemoteSwiftPackageReference;
			repositoryURL = "https://github.com/colinc86/LaTeXSwiftUI";
			requirement = {
				branch = main;
				kind = branch;
			};
		};
/* End XCRemoteSwiftPackageReference section */

/* Begin XCSwiftPackageProductDependency section */
		8182F38B2E6892EC00090945 /* RevenueCat */ = {
			isa = XCSwiftPackageProductDependency;
			package = 8182F38A2E6892EC00090945 /* XCRemoteSwiftPackageReference "purchases-ios-spm" */;
			productName = RevenueCat;
		};
		8182F38D2E6892EC00090945 /* RevenueCatUI */ = {
			isa = XCSwiftPackageProductDependency;
			package = 8182F38A2E6892EC00090945 /* XCRemoteSwiftPackageReference "purchases-ios-spm" */;
			productName = RevenueCatUI;
		};
		8182F5792E689EB300090945 /* LaTeXSwiftUI */ = {
			isa = XCSwiftPackageProductDependency;
			package = 8182F5782E689EB300090945 /* XCRemoteSwiftPackageReference "LaTeXSwiftUI" */;
			productName = LaTeXSwiftUI;
		};
/* End XCSwiftPackageProductDependency section */
	};
	rootObject = 81447AE22E672B5B003557C9 /* Project object */;
}
